{
  "version": 4,
  "terraform_version": "1.10.1",
  "serial": 4,
  "lineage": "9f189084-7cde-801b-1da8-e58e9184a08d",
  "outputs": {
    "ansible_inventory": {
      "value": "\"all\":\n  \"hosts\":\n    \"full-node-1\":\n      \"ansible_host\": \"188.245.214.139\"\n      \"ansible_user\": \"polkadot\"\n",
      "type": "string"
    }
  },
  "resources": [
    {
      "mode": "managed",
      "type": "hcloud_server",
      "name": "full_nodes",
      "provider": "provider[\"registry.terraform.io/hetznercloud/hcloud\"]",
      "instances": [
        {
          "index_key": 0,
          "schema_version": 0,
          "attributes": {
            "allow_deprecated_images": false,
            "backup_window": "",
            "backups": false,
            "datacenter": "nbg1-dc3",
            "delete_protection": false,
            "firewall_ids": [],
            "id": "57450786",
            "ignore_remote_firewall_ids": false,
            "image": "ubuntu-22.04",
            "ipv4_address": "188.245.214.139",
            "ipv6_address": "2a01:4f8:1c1e:422f::1",
            "ipv6_network": "2a01:4f8:1c1e:422f::/64",
            "iso": null,
            "keep_disk": false,
            "labels": null,
            "location": "nbg1",
            "name": "full-node-1",
            "network": [],
            "placement_group_id": 0,
            "primary_disk_size": 40,
            "public_net": [],
            "rebuild_protection": false,
            "rescue": null,
            "server_type": "cx22",
            "shutdown_before_deletion": false,
            "ssh_keys": null,
            "status": "running",
            "timeouts": null,
            "user_data": "gIPamSlponbbuJ2nhvAo19L5q3A="
          },
          "sensitive_attributes": [
            [
              {
                "type": "get_attr",
                "value": "user_data"
              }
            ]
          ],
          "private": "eyJlMmJmYjczMC1lY2FhLTExZTYtOGY4OC0zNDM2M2JjN2M0YzAiOnsiY3JlYXRlIjo1NDAwMDAwMDAwMDAwfX0="
        }
      ]
    },
    {
      "mode": "managed",
      "type": "local_file",
      "name": "ansible_inventory",
      "provider": "provider[\"registry.terraform.io/hashicorp/local\"]",
      "instances": [
        {
          "schema_version": 0,
          "attributes": {
            "content": "\"all\":\n  \"hosts\":\n    \"full-node-1\":\n      \"ansible_host\": \"188.245.214.139\"\n      \"ansible_user\": \"polkadot\"\n",
            "content_base64": null,
            "content_base64sha256": "3XGrVNEOzcJoZJAlv9B8YOOlyLcA3SUMoFYtFnLVIF4=",
            "content_base64sha512": "HUG39ZUhFyG2uwZyKyY8j5rDzVeTRacHQCmzIoPTilU3KyGL6ukn/eb7bAbA31hLBoIlPikEr8Yw0W5TXtGJiA==",
            "content_md5": "7226b4b511e8d2c4649de75394fb81c2",
            "content_sha1": "f9a939e92eb2535b7d26ea8554763f0e9a776b1a",
            "content_sha256": "dd71ab54d10ecdc268649025bfd07c60e3a5c8b700dd250ca0562d1672d5205e",
            "content_sha512": "1d41b7f595211721b6bb06722b263c8f9ac3cd579345a7074029b32283d38a55372b218beae927fde6fb6c06c0df584b0682253e2904afc630d16e535ed18988",
            "directory_permission": "0777",
            "file_permission": "0777",
            "filename": "./../ansible/inventory.yml",
            "id": "f9a939e92eb2535b7d26ea8554763f0e9a776b1a",
            "sensitive_content": null,
            "source": null
          },
          "sensitive_attributes": [
            [
              {
                "type": "get_attr",
                "value": "sensitive_content"
              }
            ]
          ],
          "dependencies": [
            "hcloud_server.full_nodes"
          ]
        }
      ]
    }
  ],
  "check_results": null
}
